
Microsoft Visual Studio Solution File, Format Version 12.00
# Visual Studio Version 17
VisualStudioVersion = 17.0.31612.314
MinimumVisualStudioVersion = 10.0.40219.1
Project("{9A19103F-16F7-4668-BE54-9A1E7A4F7556}") = "FieldTree2D_v2", "FieldTree2D_v2\FieldTree2D_v2.csproj", "{81F20D98-1F3E-4663-A79E-E4684AF94F6D}"
EndProject
Project("{FAE04EC0-301F-11D3-BF4B-00C04F79EFBC}") = "FieldTreeUnitTests", "FieldTreeUnitTests\FieldTreeUnitTests.csproj", "{79990BEF-16C1-4994-B683-46FDFB550D15}"
EndProject
Global
	GlobalSection(SolutionConfigurationPlatforms) = preSolution
		Debug|Any CPU = Debug|Any CPU
		Release|Any CPU = Release|Any CPU
	EndGlobalSection
	GlobalSection(ProjectConfigurationPlatforms) = postSolution
		{81F20D98-1F3E-4663-A79E-E4684AF94F6D}.Debug|Any CPU.ActiveCfg = Debug|Any CPU
		{81F20D98-1F3E-4663-A79E-E4684AF94F6D}.Debug|Any CPU.Build.0 = Debug|Any CPU
		{81F20D98-1F3E-4663-A79E-E4684AF94F6D}.Release|Any CPU.ActiveCfg = Release|Any CPU
		{81F20D98-1F3E-4663-A79E-E4684AF94F6D}.Release|Any CPU.Build.0 = Release|Any CPU
		{79990BEF-16C1-4994-B683-46FDFB550D15}.Debug|Any CPU.ActiveCfg = Debug|Any CPU
		{79990BEF-16C1-4994-B683-46FDFB550D15}.Debug|Any CPU.Build.0 = Debug|Any CPU
		{79990BEF-16C1-4994-B683-46FDFB550D15}.Release|Any CPU.ActiveCfg = Release|Any CPU
		{79990BEF-16C1-4994-B683-46FDFB550D15}.Release|Any CPU.Build.0 = Release|Any CPU
	EndGlobalSection
	GlobalSection(SolutionProperties) = preSolution
		HideSolutionNode = FALSE
	EndGlobalSection
	GlobalSection(ExtensibilityGlobals) = postSolution
		SolutionGuid = {D8732F4A-4639-4EF0-8CAF-941C4F8E1197}
	EndGlobalSection
EndGlobal
